
Microsoft Visual Studio Solution File, Format Version 12.00
# Visual Studio Version 16
VisualStudioVersion = 16.0.29728.190
MinimumVisualStudioVersion = 10.0.40219.1
Project("{2150E333-8FDC-42A3-9474-1A3956D46DE8}") = "Session.Core", "Session.Core", "{BCF77475-DAFF-44CC-B38D-703638ABDC52}"
EndProject
Project("{2150E333-8FDC-42A3-9474-1A3956D46DE8}") = "Session.Business", "Session.Business", "{DF0BF181-F54E-4B5F-BA02-EDE8098ABE2F}"
EndProject
Project("{2150E333-8FDC-42A3-9474-1A3956D46DE8}") = "Session.Data", "Session.Data", "{56E02AA5-27F8-42B6-BAE9-8AA70C6808AA}"
EndProject
Project("{2150E333-8FDC-42A3-9474-1A3956D46DE8}") = "Session.Model", "Session.Model", "{042BAD95-D013-4085-889C-8F3A0FE6D92D}"
EndProject
Project("{2150E333-8FDC-42A3-9474-1A3956D46DE8}") = "Session.UI", "Session.UI", "{A3E75088-A027-409F-858F-7E76800B4625}"
EndProject
Project("{FAE04EC0-301F-11D3-BF4B-00C04F79EFBC}") = "Session.RHC.Api", "Session.RHC.Api\Session.RHC.Api.csproj", "{AAD8353B-3F4B-4CAF-9D03-A8E868B4D946}"
EndProject
Project("{2150E333-8FDC-42A3-9474-1A3956D46DE8}") = "Session.RHC.UI", "Session.RHC.UI", "{7AEBC0E8-0140-405B-B27C-84BFAB50B06E}"
EndProject
Project("{FAE04EC0-301F-11D3-BF4B-00C04F79EFBC}") = "Model.RHC.Api", "Model.RHC.Api\Model.RHC.Api.csproj", "{89B195CB-85B3-47A4-8D33-518385A94894}"
EndProject
Project("{FAE04EC0-301F-11D3-BF4B-00C04F79EFBC}") = "Data.RHC", "Data.RHC\Data.RHC.csproj", "{4F4C6AB2-4C49-493F-A9CB-0352977F9D10}"
EndProject
Project("{FAE04EC0-301F-11D3-BF4B-00C04F79EFBC}") = "Business.Managers", "Business.Managers\Business.Managers.csproj", "{33B8262B-DF88-49EC-803F-9787943B750E}"
EndProject
Project("{FAE04EC0-301F-11D3-BF4B-00C04F79EFBC}") = "Business.Common", "Business.Common\Business.Common.csproj", "{611B75A2-DAAB-448E-93B5-5686219BC747}"
EndProject
Project("{FAE04EC0-301F-11D3-BF4B-00C04F79EFBC}") = "Data.RHC.Repository", "Data.RHC.Repository\Data.RHC.Repository.csproj", "{84CC63C3-6CA5-4053-B6F8-A7F407289042}"
EndProject
Project("{FAE04EC0-301F-11D3-BF4B-00C04F79EFBC}") = "Core.Data.Repository.Infrastructure", "Core.Data.Repository.Infrastructure\Core.Data.Repository.Infrastructure.csproj", "{4D94AEB2-FF04-459A-A247-03DFF2D881A7}"
EndProject
Project("{FAE04EC0-301F-11D3-BF4B-00C04F79EFBC}") = "Core.Data.Manager.Infrastructure", "Core.Data.Manager.Infrastructure\Core.Data.Manager.Infrastructure.csproj", "{1D820CA1-084F-448F-B473-76B140D685EE}"
EndProject
Project("{FAE04EC0-301F-11D3-BF4B-00C04F79EFBC}") = "Core.Data.Model.Infrastructure", "Core.Data.Model.Infrastructure\Core.Data.Model.Infrastructure.csproj", "{F6B20245-8E93-477F-80C5-EA9FB6B50B1F}"
EndProject
Global
	GlobalSection(SolutionConfigurationPlatforms) = preSolution
		Debug|Any CPU = Debug|Any CPU
		Release|Any CPU = Release|Any CPU
	EndGlobalSection
	GlobalSection(ProjectConfigurationPlatforms) = postSolution
		{AAD8353B-3F4B-4CAF-9D03-A8E868B4D946}.Debug|Any CPU.ActiveCfg = Debug|Any CPU
		{AAD8353B-3F4B-4CAF-9D03-A8E868B4D946}.Debug|Any CPU.Build.0 = Debug|Any CPU
		{AAD8353B-3F4B-4CAF-9D03-A8E868B4D946}.Release|Any CPU.ActiveCfg = Release|Any CPU
		{AAD8353B-3F4B-4CAF-9D03-A8E868B4D946}.Release|Any CPU.Build.0 = Release|Any CPU
		{89B195CB-85B3-47A4-8D33-518385A94894}.Debug|Any CPU.ActiveCfg = Debug|Any CPU
		{89B195CB-85B3-47A4-8D33-518385A94894}.Debug|Any CPU.Build.0 = Debug|Any CPU
		{89B195CB-85B3-47A4-8D33-518385A94894}.Release|Any CPU.ActiveCfg = Release|Any CPU
		{89B195CB-85B3-47A4-8D33-518385A94894}.Release|Any CPU.Build.0 = Release|Any CPU
		{4F4C6AB2-4C49-493F-A9CB-0352977F9D10}.Debug|Any CPU.ActiveCfg = Debug|Any CPU
		{4F4C6AB2-4C49-493F-A9CB-0352977F9D10}.Debug|Any CPU.Build.0 = Debug|Any CPU
		{4F4C6AB2-4C49-493F-A9CB-0352977F9D10}.Release|Any CPU.ActiveCfg = Release|Any CPU
		{4F4C6AB2-4C49-493F-A9CB-0352977F9D10}.Release|Any CPU.Build.0 = Release|Any CPU
		{33B8262B-DF88-49EC-803F-9787943B750E}.Debug|Any CPU.ActiveCfg = Debug|Any CPU
		{33B8262B-DF88-49EC-803F-9787943B750E}.Debug|Any CPU.Build.0 = Debug|Any CPU
		{33B8262B-DF88-49EC-803F-9787943B750E}.Release|Any CPU.ActiveCfg = Release|Any CPU
		{33B8262B-DF88-49EC-803F-9787943B750E}.Release|Any CPU.Build.0 = Release|Any CPU
		{611B75A2-DAAB-448E-93B5-5686219BC747}.Debug|Any CPU.ActiveCfg = Debug|Any CPU
		{611B75A2-DAAB-448E-93B5-5686219BC747}.Debug|Any CPU.Build.0 = Debug|Any CPU
		{611B75A2-DAAB-448E-93B5-5686219BC747}.Release|Any CPU.ActiveCfg = Release|Any CPU
		{611B75A2-DAAB-448E-93B5-5686219BC747}.Release|Any CPU.Build.0 = Release|Any CPU
		{84CC63C3-6CA5-4053-B6F8-A7F407289042}.Debug|Any CPU.ActiveCfg = Debug|Any CPU
		{84CC63C3-6CA5-4053-B6F8-A7F407289042}.Debug|Any CPU.Build.0 = Debug|Any CPU
		{84CC63C3-6CA5-4053-B6F8-A7F407289042}.Release|Any CPU.ActiveCfg = Release|Any CPU
		{84CC63C3-6CA5-4053-B6F8-A7F407289042}.Release|Any CPU.Build.0 = Release|Any CPU
		{4D94AEB2-FF04-459A-A247-03DFF2D881A7}.Debug|Any CPU.ActiveCfg = Debug|Any CPU
		{4D94AEB2-FF04-459A-A247-03DFF2D881A7}.Debug|Any CPU.Build.0 = Debug|Any CPU
		{4D94AEB2-FF04-459A-A247-03DFF2D881A7}.Release|Any CPU.ActiveCfg = Release|Any CPU
		{4D94AEB2-FF04-459A-A247-03DFF2D881A7}.Release|Any CPU.Build.0 = Release|Any CPU
		{1D820CA1-084F-448F-B473-76B140D685EE}.Debug|Any CPU.ActiveCfg = Debug|Any CPU
		{1D820CA1-084F-448F-B473-76B140D685EE}.Debug|Any CPU.Build.0 = Debug|Any CPU
		{1D820CA1-084F-448F-B473-76B140D685EE}.Release|Any CPU.ActiveCfg = Release|Any CPU
		{1D820CA1-084F-448F-B473-76B140D685EE}.Release|Any CPU.Build.0 = Release|Any CPU
		{F6B20245-8E93-477F-80C5-EA9FB6B50B1F}.Debug|Any CPU.ActiveCfg = Debug|Any CPU
		{F6B20245-8E93-477F-80C5-EA9FB6B50B1F}.Debug|Any CPU.Build.0 = Debug|Any CPU
		{F6B20245-8E93-477F-80C5-EA9FB6B50B1F}.Release|Any CPU.ActiveCfg = Release|Any CPU
		{F6B20245-8E93-477F-80C5-EA9FB6B50B1F}.Release|Any CPU.Build.0 = Release|Any CPU
	EndGlobalSection
	GlobalSection(SolutionProperties) = preSolution
		HideSolutionNode = FALSE
	EndGlobalSection
	GlobalSection(NestedProjects) = preSolution
		{AAD8353B-3F4B-4CAF-9D03-A8E868B4D946} = {A3E75088-A027-409F-858F-7E76800B4625}
		{7AEBC0E8-0140-405B-B27C-84BFAB50B06E} = {A3E75088-A027-409F-858F-7E76800B4625}
		{89B195CB-85B3-47A4-8D33-518385A94894} = {042BAD95-D013-4085-889C-8F3A0FE6D92D}
		{4F4C6AB2-4C49-493F-A9CB-0352977F9D10} = {56E02AA5-27F8-42B6-BAE9-8AA70C6808AA}
		{33B8262B-DF88-49EC-803F-9787943B750E} = {DF0BF181-F54E-4B5F-BA02-EDE8098ABE2F}
		{611B75A2-DAAB-448E-93B5-5686219BC747} = {DF0BF181-F54E-4B5F-BA02-EDE8098ABE2F}
		{84CC63C3-6CA5-4053-B6F8-A7F407289042} = {56E02AA5-27F8-42B6-BAE9-8AA70C6808AA}
		{4D94AEB2-FF04-459A-A247-03DFF2D881A7} = {BCF77475-DAFF-44CC-B38D-703638ABDC52}
		{1D820CA1-084F-448F-B473-76B140D685EE} = {BCF77475-DAFF-44CC-B38D-703638ABDC52}
		{F6B20245-8E93-477F-80C5-EA9FB6B50B1F} = {BCF77475-DAFF-44CC-B38D-703638ABDC52}
	EndGlobalSection
	GlobalSection(ExtensibilityGlobals) = postSolution
		SolutionGuid = {7AA0BA85-0E78-4A36-BF83-86FD93DBFDAB}
	EndGlobalSection
EndGlobal
